
Microsoft Visual Studio Solution File, Format Version 12.00
# Visual Studio Version 16
VisualStudioVersion = 16.0.31129.286
MinimumVisualStudioVersion = 10.0.40219.1
Project("{FAE04EC0-301F-11D3-BF4B-00C04F79EFBC}") = "WP.BusinessLayer", "WP.BusinessLayer\WP.BusinessLayer.csproj", "{E2C79D58-DCA6-4241-B009-8218099BD9B3}"
EndProject
Project("{FAE04EC0-301F-11D3-BF4B-00C04F79EFBC}") = "WP.DataLayer", "WP.DataLayer\WP.DataLayer.csproj", "{015F8C1E-ABC9-4567-B721-732F91B25843}"
EndProject
Project("{FAE04EC0-301F-11D3-BF4B-00C04F79EFBC}") = "WP.WEB", "WP.WEB\WP.WEB.csproj", "{4D4078A6-1034-4FCA-9C1D-7F7D5EA2DBF6}"
EndProject
Global
	GlobalSection(SolutionConfigurationPlatforms) = preSolution
		Debug|Any CPU = Debug|Any CPU
		Release|Any CPU = Release|Any CPU
	EndGlobalSection
	GlobalSection(ProjectConfigurationPlatforms) = postSolution
		{E2C79D58-DCA6-4241-B009-8218099BD9B3}.Debug|Any CPU.ActiveCfg = Debug|Any CPU
		{E2C79D58-DCA6-4241-B009-8218099BD9B3}.Debug|Any CPU.Build.0 = Debug|Any CPU
		{E2C79D58-DCA6-4241-B009-8218099BD9B3}.Release|Any CPU.ActiveCfg = Release|Any CPU
		{E2C79D58-DCA6-4241-B009-8218099BD9B3}.Release|Any CPU.Build.0 = Release|Any CPU
		{015F8C1E-ABC9-4567-B721-732F91B25843}.Debug|Any CPU.ActiveCfg = Debug|Any CPU
		{015F8C1E-ABC9-4567-B721-732F91B25843}.Debug|Any CPU.Build.0 = Debug|Any CPU
		{015F8C1E-ABC9-4567-B721-732F91B25843}.Release|Any CPU.ActiveCfg = Release|Any CPU
		{015F8C1E-ABC9-4567-B721-732F91B25843}.Release|Any CPU.Build.0 = Release|Any CPU
		{4D4078A6-1034-4FCA-9C1D-7F7D5EA2DBF6}.Debug|Any CPU.ActiveCfg = Debug|Any CPU
		{4D4078A6-1034-4FCA-9C1D-7F7D5EA2DBF6}.Debug|Any CPU.Build.0 = Debug|Any CPU
		{4D4078A6-1034-4FCA-9C1D-7F7D5EA2DBF6}.Release|Any CPU.ActiveCfg = Release|Any CPU
		{4D4078A6-1034-4FCA-9C1D-7F7D5EA2DBF6}.Release|Any CPU.Build.0 = Release|Any CPU
	EndGlobalSection
	GlobalSection(SolutionProperties) = preSolution
		HideSolutionNode = FALSE
	EndGlobalSection
	GlobalSection(ExtensibilityGlobals) = postSolution
		SolutionGuid = {346CA27B-0248-4020-9ED6-28919B91C78C}
	EndGlobalSection
EndGlobal
