
Microsoft Visual Studio Solution File, Format Version 12.00
# Visual Studio Version 16
VisualStudioVersion = 16.0.31129.286
MinimumVisualStudioVersion = 10.0.40219.1
Project("{FAE04EC0-301F-11D3-BF4B-00C04F79EFBC}") = "WP.BusinessLayer", "WP.BusinessLayer\WP.BusinessLayer.csproj", "{E2C79D58-DCA6-4241-B009-8218099BD9B3}"
EndProject
Global
	GlobalSection(SolutionConfigurationPlatforms) = preSolution
		Debug|Any CPU = Debug|Any CPU
		Release|Any CPU = Release|Any CPU
	EndGlobalSection
	GlobalSection(ProjectConfigurationPlatforms) = postSolution
		{E2C79D58-DCA6-4241-B009-8218099BD9B3}.Debug|Any CPU.ActiveCfg = Debug|Any CPU
		{E2C79D58-DCA6-4241-B009-8218099BD9B3}.Debug|Any CPU.Build.0 = Debug|Any CPU
		{E2C79D58-DCA6-4241-B009-8218099BD9B3}.Release|Any CPU.ActiveCfg = Release|Any CPU
		{E2C79D58-DCA6-4241-B009-8218099BD9B3}.Release|Any CPU.Build.0 = Release|Any CPU
	EndGlobalSection
	GlobalSection(SolutionProperties) = preSolution
		HideSolutionNode = FALSE
	EndGlobalSection
	GlobalSection(ExtensibilityGlobals) = postSolution
		SolutionGuid = {346CA27B-0248-4020-9ED6-28919B91C78C}
	EndGlobalSection
EndGlobal
